
Microsoft Visual Studio Solution File, Format Version 12.00
# Visual Studio Version 16
VisualStudioVersion = 16.0.31313.79
MinimumVisualStudioVersion = 10.0.40219.1
Project("{FAE04EC0-301F-11D3-BF4B-00C04F79EFBC}") = "SpecFlowDemo", "SpecFlowDemo.csproj", "{687F58A9-06E2-461F-8BA1-3B38F3F8FAEB}"
EndProject
Global
	GlobalSection(SolutionConfigurationPlatforms) = preSolution
		Debug|Any CPU = Debug|Any CPU
		Release|Any CPU = Release|Any CPU
	EndGlobalSection
	GlobalSection(ProjectConfigurationPlatforms) = postSolution
		{687F58A9-06E2-461F-8BA1-3B38F3F8FAEB}.Debug|Any CPU.ActiveCfg = Debug|Any CPU
		{687F58A9-06E2-461F-8BA1-3B38F3F8FAEB}.Debug|Any CPU.Build.0 = Debug|Any CPU
		{687F58A9-06E2-461F-8BA1-3B38F3F8FAEB}.Release|Any CPU.ActiveCfg = Release|Any CPU
		{687F58A9-06E2-461F-8BA1-3B38F3F8FAEB}.Release|Any CPU.Build.0 = Release|Any CPU
	EndGlobalSection
	GlobalSection(SolutionProperties) = preSolution
		HideSolutionNode = FALSE
	EndGlobalSection
	GlobalSection(ExtensibilityGlobals) = postSolution
		SolutionGuid = {820E6710-AB65-4BD4-9973-9D7D4565F683}
	EndGlobalSection
EndGlobal
